{
  "name": "quasuki-sdk-first-live-run",
  "version": "0.0.0",
  "lockfileVersion": 3,
  "requires": true,
  "packages": {
    "": {
      "name": "quasuki-sdk-first-live-run",
      "version": "0.0.0",
      "license": "Apache-2.0",
      "dependencies": {
        "quasuki-sdk": "file:../vscode_workspace/quasuki/quasuki-sdk/quasuki-sdk-0.2.3.tgz"
      },
      "engines": {
        "node": ">=18"
      }
    },
    "node_modules/quasuki-sdk": {
      "version": "0.2.3",
      "resolved": "file:../vscode_workspace/quasuki/quasuki-sdk/quasuki-sdk-0.2.3.tgz",
      "integrity": "sha512-khnyUjN1aduVFdYCd76DB+WjNJWCl9drlS/gPQY2Y4uJvF4nT9VHXzRmklONi0mwHu2oYG8oJe2rI7828KHcBA==",
      "license": "Apache-2.0",
      "engines": {
        "node": ">=18"
      }
    }
  }
}
