{
  "name": "quasuki-sdk-first-live-run",
  "version": "0.0.0",
  "lockfileVersion": 3,
  "requires": true,
  "packages": {
    "": {
      "name": "quasuki-sdk-first-live-run",
      "version": "0.0.0",
      "license": "Apache-2.0",
      "dependencies": {
        "quasuki-sdk": "^0.2.5"
      },
      "engines": {
        "node": ">=18"
      }
    },
    "node_modules/quasuki-sdk": {
      "version": "0.2.5",
      "resolved": "https://registry.npmjs.org/quasuki-sdk/-/quasuki-sdk-0.2.5.tgz",
      "integrity": "sha512-fEau3UgEG/NsLckMB4WFVjxNQoaYmkBG9Jy8IYNYw+wOfVj6TXWpoTjY7GWylDj019G9OdGbIOOA02Wp9LS0EA==",
      "license": "Apache-2.0",
      "engines": {
        "node": ">=18"
      }
    }
  }
}
