{
  "name": "quasuki-sdk-first-live-run",
  "version": "0.0.0",
  "lockfileVersion": 3,
  "requires": true,
  "packages": {
    "": {
      "name": "quasuki-sdk-first-live-run",
      "version": "0.0.0",
      "license": "Apache-2.0",
      "dependencies": {
        "quasuki-sdk": "0.2.4"
      },
      "engines": {
        "node": ">=18"
      }
    },
    "node_modules/quasuki-sdk": {
      "version": "0.2.4",
      "resolved": "https://registry.npmjs.org/quasuki-sdk/-/quasuki-sdk-0.2.4.tgz",
      "integrity": "sha512-wNUNKpkfRFepc35kuLPoSkkQZcV/78ZQ91XXlvJf92XWDUw/D7qD61Q3yXiYNhSVREXyHb6sZ02IpzIYB3v5bA==",
      "license": "Apache-2.0",
      "engines": {
        "node": ">=18"
      }
    }
  }
}
